// !$*UTF8*$!
{
	archiveVersion = 1;
	classes = {
	};
	objectVersion = 50;
	objects = {

/* Begin PBXBuildFile section */
		18B07DEC2449DCDD003D1610 /* AppDelegate.swift in Sources */ = {isa = PBXBuildFile; fileRef = 18B07DEB2449DCDD003D1610 /* AppDelegate.swift */; };
		18B07DEE2449DCDD003D1610 /* SceneDelegate.swift in Sources */ = {isa = PBXBuildFile; fileRef = 18B07DED2449DCDD003D1610 /* SceneDelegate.swift */; };
		18B07DF02449DCDD003D1610 /* ViewController.swift in Sources */ = {isa = PBXBuildFile; fileRef = 18B07DEF2449DCDD003D1610 /* ViewController.swift */; };
		18B07DF32449DCDD003D1610 /* Main.storyboard in Resources */ = {isa = PBXBuildFile; fileRef = 18B07DF12449DCDD003D1610 /* Main.storyboard */; };
		18B07DF52449DCDF003D1610 /* Assets.xcassets in Resources */ = {isa = PBXBuildFile; fileRef = 18B07DF42449DCDF003D1610 /* Assets.xcassets */; };
		18B07DF82449DCDF003D1610 /* LaunchScreen.storyboard in Resources */ = {isa = PBXBuildFile; fileRef = 18B07DF62449DCDF003D1610 /* LaunchScreen.storyboard */; };
/* End PBXBuildFile section */

/* Begin PBXFileReference section */
		18B07DE82449DCDD003D1610 /* ChannelizeUI.app */ = {isa = PBXFileReference; explicitFileType = wrapper.application; includeInIndex = 0; path = ChannelizeUI.app; sourceTree = BUILT_PRODUCTS_DIR; };
		18B07DEB2449DCDD003D1610 /* AppDelegate.swift */ = {isa = PBXFileReference; lastKnownFileType = sourcecode.swift; path = AppDelegate.swift; sourceTree = "<group>"; };
		18B07DED2449DCDD003D1610 /* SceneDelegate.swift */ = {isa = PBXFileReference; lastKnownFileType = sourcecode.swift; path = SceneDelegate.swift; sourceTree = "<group>"; };
		18B07DEF2449DCDD003D1610 /* ViewController.swift */ = {isa = PBXFileReference; lastKnownFileType = sourcecode.swift; path = ViewController.swift; sourceTree = "<group>"; };
		18B07DF22449DCDD003D1610 /* Base */ = {isa = PBXFileReference; lastKnownFileType = file.storyboard; name = Base; path = Base.lproj/Main.storyboard; sourceTree = "<group>"; };
		18B07DF42449DCDF003D1610 /* Assets.xcassets */ = {isa = PBXFileReference; lastKnownFileType = folder.assetcatalog; path = Assets.xcassets; sourceTree = "<group>"; };
		18B07DF72449DCDF003D1610 /* Base */ = {isa = PBXFileReference; lastKnownFileType = file.storyboard; name = Base; path = Base.lproj/LaunchScreen.storyboard; sourceTree = "<group>"; };
		18B07DF92449DCDF003D1610 /* Info.plist */ = {isa = PBXFileReference; lastKnownFileType = text.plist.xml; path = Info.plist; sourceTree = "<group>"; };
/* End PBXFileReference section */

/* Begin PBXFrameworksBuildPhase section */
		18B07DE52449DCDD003D1610 /* Frameworks */ = {
			isa = PBXFrameworksBuildPhase;
			buildActionMask = 2147483647;
			files = (
			);
			runOnlyForDeploymentPostprocessing = 0;
		};
/* End PBXFrameworksBuildPhase section */

/* Begin PBXGroup section */
		18B07DDF2449DCDD003D1610 = {
			isa = PBXGroup;
			children = (
				18B07DEA2449DCDD003D1610 /* ChannelizeUI */,
				18B07DE92449DCDD003D1610 /* Products */,
			);
			sourceTree = "<group>";
		};
		18B07DE92449DCDD003D1610 /* Products */ = {
			isa = PBXGroup;
			children = (
				18B07DE82449DCDD003D1610 /* ChannelizeUI.app */,
			);
			name = Products;
			sourceTree = "<group>";
		};
		18B07DEA2449DCDD003D1610 /* ChannelizeUI */ = {
			isa = PBXGroup;
			children = (
				18B07DEB2449DCDD003D1610 /* AppDelegate.swift */,
				18B07DED2449DCDD003D1610 /* SceneDelegate.swift */,
				18B07DEF2449DCDD003D1610 /* ViewController.swift */,
				18B07DF12449DCDD003D1610 /* Main.storyboard */,
				18B07DF42449DCDF003D1610 /* Assets.xcassets */,
				18B07DF62449DCDF003D1610 /* LaunchScreen.storyboard */,
				18B07DF92449DCDF003D1610 /* Info.plist */,
			);
			path = ChannelizeUI;
			sourceTree = "<group>";
		};
/* End PBXGroup section */

/* Begin PBXNativeTarget section */
		18B07DE72449DCDD003D1610 /* ChannelizeUI */ = {
			isa = PBXNativeTarget;
			buildConfigurationList = 18B07DFC2449DCDF003D1610 /* Build configuration list for PBXNativeTarget "ChannelizeUI" */;
			buildPhases = (
				18B07DE42449DCDD003D1610 /* Sources */,
				18B07DE52449DCDD003D1610 /* Frameworks */,
				18B07DE62449DCDD003D1610 /* Resources */,
			);
			buildRules = (
			);
			dependencies = (
			);
			name = ChannelizeUI;
			productName = ChannelizeUI;
			productReference = 18B07DE82449DCDD003D1610 /* ChannelizeUI.app */;
			productType = "com.apple.product-type.application";
		};
/* End PBXNativeTarget section */

/* Begin PBXProject section */
		18B07DE02449DCDD003D1610 /* Project object */ = {
			isa = PBXProject;
			attributes = {
				LastSwiftUpdateCheck = 1130;
				LastUpgradeCheck = 1130;
				ORGANIZATIONNAME = Channelize;
				TargetAttributes = {
					18B07DE72449DCDD003D1610 = {
						CreatedOnToolsVersion = 11.3.1;
					};
				};
			};
			buildConfigurationList = 18B07DE32449DCDD003D1610 /* Build configuration list for PBXProject "ChannelizeUI" */;
			compatibilityVersion = "Xcode 9.3";
			developmentRegion = en;
			hasScannedForEncodings = 0;
			knownRegions = (
				en,
				Base,
			);
			mainGroup = 18B07DDF2449DCDD003D1610;
			productRefGroup = 18B07DE92449DCDD003D1610 /* Products */;
			projectDirPath = "";
			projectRoot = "";
			targets = (
				18B07DE72449DCDD003D1610 /* ChannelizeUI */,
			);
		};
/* End PBXProject section */

/* Begin PBXResourcesBuildPhase section */
		18B07DE62449DCDD003D1610 /* Resources */ = {
			isa = PBXResourcesBuildPhase;
			buildActionMask = 2147483647;
			files = (
				18B07DF82449DCDF003D1610 /* LaunchScreen.storyboard in Resources */,
				18B07DF52449DCDF003D1610 /* Assets.xcassets in Resources */,
				18B07DF32449DCDD003D1610 /* Main.storyboard in Resources */,
			);
			runOnlyForDeploymentPostprocessing = 0;
		};
/* End PBXResourcesBuildPhase section */

/* Begin PBXSourcesBuildPhase section */
		18B07DE42449DCDD003D1610 /* Sources */ = {
			isa = PBXSourcesBuildPhase;
			buildActionMask = 2147483647;
			files = (
				18B07DF02449DCDD003D1610 /* ViewController.swift in Sources */,
				18B07DEC2449DCDD003D1610 /* AppDelegate.swift in Sources */,
				18B07DEE2449DCDD003D1610 /* SceneDelegate.swift in Sources */,
			);
			runOnlyForDeploymentPostprocessing = 0;
		};
/* End PBXSourcesBuildPhase section */

/* Begin PBXVariantGroup section */
		18B07DF12449DCDD003D1610 /* Main.storyboard */ = {
			isa = PBXVariantGroup;
			children = (
				18B07DF22449DCDD003D1610 /* Base */,
			);
			name = Main.storyboard;
			sourceTree = "<group>";
		};
		18B07DF62449DCDF003D1610 /* LaunchScreen.storyboard */ = {
			isa = PBXVariantGroup;
			children = (
				18B07DF72449DCDF003D1610 /* Base */,
			);
			name = LaunchScreen.storyboard;
			sourceTree = "<group>";
		};
/* End PBXVariantGroup section */

/* Begin XCBuildConfiguration section */
		18B07DFA2449DCDF003D1610 /* Debug */ = {
			isa = XCBuildConfiguration;
			buildSettings = {
				ALWAYS_SEARCH_USER_PATHS = NO;
				CLANG_ANALYZER_NONNULL = YES;
				CLANG_ANALYZER_NUMBER_OBJECT_CONVERSION = YES_AGGRESSIVE;
				CLANG_CXX_LANGUAGE_STANDARD = "gnu++14";
				CLANG_CXX_LIBRARY = "libc++";
				CLANG_ENABLE_MODULES = YES;
				CLANG_ENABLE_OBJC_ARC = YES;
				CLANG_ENABLE_OBJC_WEAK = YES;
				CLANG_WARN_BLOCK_CAPTURE_AUTORELEASING = YES;
				CLANG_WARN_BOOL_CONVERSION = YES;
				CLANG_WARN_COMMA = YES;
				CLANG_WARN_CONSTANT_CONVERSION = YES;
				CLANG_WARN_DEPRECATED_OBJC_IMPLEMENTATIONS = YES;
				CLANG_WARN_DIRECT_OBJC_ISA_USAGE = YES_ERROR;
				CLANG_WARN_DOCUMENTATION_COMMENTS = YES;
				CLANG_WARN_EMPTY_BODY = YES;
				CLANG_WARN_ENUM_CONVERSION = YES;
				CLANG_WARN_INFINITE_RECURSION = YES;
				CLANG_WARN_INT_CONVERSION = YES;
				CLANG_WARN_NON_LITERAL_NULL_CONVERSION = YES;
				CLANG_WARN_OBJC_IMPLICIT_RETAIN_SELF = YES;
				CLANG_WARN_OBJC_LITERAL_CONVERSION = YES;
				CLANG_WARN_OBJC_ROOT_CLASS = YES_ERROR;
				CLANG_WARN_RANGE_LOOP_ANALYSIS = YES;
				CLANG_WARN_STRICT_PROTOTYPES = YES;
				CLANG_WARN_SUSPICIOUS_MOVE = YES;
				CLANG_WARN_UNGUARDED_AVAILABILITY = YES_AGGRESSIVE;
				CLANG_WARN_UNREACHABLE_CODE = YES;
				CLANG_WARN__DUPLICATE_METHOD_MATCH = YES;
				COPY_PHASE_STRIP = NO;
				DEBUG_INFORMATION_FORMAT = dwarf;
				ENABLE_STRICT_OBJC_MSGSEND = YES;
				ENABLE_TESTABILITY = YES;
				GCC_C_LANGUAGE_STANDARD = gnu11;
				GCC_DYNAMIC_NO_PIC = NO;
				GCC_NO_COMMON_BLOCKS = YES;
				GCC_OPTIMIZATION_LEVEL = 0;
				GCC_PREPROCESSOR_DEFINITIONS = (
					"DEBUG=1",
					"$(inherited)",
				);
				GCC_WARN_64_TO_32_BIT_CONVERSION = YES;
				GCC_WARN_ABOUT_RETURN_TYPE = YES_ERROR;
				GCC_WARN_UNDECLARED_SELECTOR = YES;
				GCC_WARN_UNINITIALIZED_AUTOS = YES_AGGRESSIVE;
				GCC_WARN_UNUSED_FUNCTION = YES;
				GCC_WARN_UNUSED_VARIABLE = YES;
				IPHONEOS_DEPLOYMENT_TARGET = 13.2;
				MTL_ENABLE_DEBUG_INFO = INCLUDE_SOURCE;
				MTL_FAST_MATH = YES;
				ONLY_ACTIVE_ARCH = YES;
				SDKROOT = iphoneos;
				SWIFT_ACTIVE_COMPILATION_CONDITIONS = DEBUG;
				SWIFT_OPTIMIZATION_LEVEL = "-Onone";
			};
			name = Debug;
		};
		18B07DFB2449DCDF003D1610 /* Release */ = {
			isa = XCBuildConfiguration;
			buildSettings = {
				ALWAYS_SEARCH_USER_PATHS = NO;
				CLANG_ANALYZER_NONNULL = YES;
				CLANG_ANALYZER_NUMBER_OBJECT_CONVERSION = YES_AGGRESSIVE;
				CLANG_CXX_LANGUAGE_STANDARD = "gnu++14";
				CLANG_CXX_LIBRARY = "libc++";
				CLANG_ENABLE_MODULES = YES;
				CLANG_ENABLE_OBJC_ARC = YES;
				CLANG_ENABLE_OBJC_WEAK = YES;
				CLANG_WARN_BLOCK_CAPTURE_AUTORELEASING = YES;
				CLANG_WARN_BOOL_CONVERSION = YES;
				CLANG_WARN_COMMA = YES;
				CLANG_WARN_CONSTANT_CONVERSION = YES;
				CLANG_WARN_DEPRECATED_OBJC_IMPLEMENTATIONS = YES;
				CLANG_WARN_DIRECT_OBJC_ISA_USAGE = YES_ERROR;
				CLANG_WARN_DOCUMENTATION_COMMENTS = YES;
				CLANG_WARN_EMPTY_BODY = YES;
				CLANG_WARN_ENUM_CONVERSION = YES;
				CLANG_WARN_INFINITE_RECURSION = YES;
				CLANG_WARN_INT_CONVERSION = YES;
				CLANG_WARN_NON_LITERAL_NULL_CONVERSION = YES;
				CLANG_WARN_OBJC_IMPLICIT_RETAIN_SELF = YES;
				CLANG_WARN_OBJC_LITERAL_CONVERSION = YES;
				CLANG_WARN_OBJC_ROOT_CLASS = YES_ERROR;
				CLANG_WARN_RANGE_LOOP_ANALYSIS = YES;
				CLANG_WARN_STRICT_PROTOTYPES = YES;
				CLANG_WARN_SUSPICIOUS_MOVE = YES;
				CLANG_WARN_UNGUARDED_AVAILABILITY = YES_AGGRESSIVE;
				CLANG_WARN_UNREACHABLE_CODE = YES;
				CLANG_WARN__DUPLICATE_METHOD_MATCH = YES;
				COPY_PHASE_STRIP = NO;
				DEBUG_INFORMATION_FORMAT = "dwarf-with-dsym";
				ENABLE_NS_ASSERTIONS = NO;
				ENABLE_STRICT_OBJC_MSGSEND = YES;
				GCC_C_LANGUAGE_STANDARD = gnu11;
				GCC_NO_COMMON_BLOCKS = YES;
				GCC_WARN_64_TO_32_BIT_CONVERSION = YES;
				GCC_WARN_ABOUT_RETURN_TYPE = YES_ERROR;
				GCC_WARN_UNDECLARED_SELECTOR = YES;
				GCC_WARN_UNINITIALIZED_AUTOS = YES_AGGRESSIVE;
				GCC_WARN_UNUSED_FUNCTION = YES;
				GCC_WARN_UNUSED_VARIABLE = YES;
				IPHONEOS_DEPLOYMENT_TARGET = 13.2;
				MTL_ENABLE_DEBUG_INFO = NO;
				MTL_FAST_MATH = YES;
				SDKROOT = iphoneos;
				SWIFT_COMPILATION_MODE = wholemodule;
				SWIFT_OPTIMIZATION_LEVEL = "-O";
				VALIDATE_PRODUCT = YES;
			};
			name = Release;
		};
		18B07DFD2449DCDF003D1610 /* Debug */ = {
			isa = XCBuildConfiguration;
			buildSettings = {
				ASSETCATALOG_COMPILER_APPICON_NAME = AppIcon;
				CODE_SIGN_STYLE = Automatic;
				DEVELOPMENT_TEAM = 99PBDFLT63;
				INFOPLIST_FILE = ChannelizeUI/Info.plist;
				LD_RUNPATH_SEARCH_PATHS = (
					"$(inherited)",
					"@executable_path/Frameworks",
				);
				PRODUCT_BUNDLE_IDENTIFIER = com.channelize.ChannelizeUI;
				PRODUCT_NAME = "$(TARGET_NAME)";
				SWIFT_VERSION = 5.0;
				TARGETED_DEVICE_FAMILY = "1,2";
			};
			name = Debug;
		};
		18B07DFE2449DCDF003D1610 /* Release */ = {
			isa = XCBuildConfiguration;
			buildSettings = {
				ASSETCATALOG_COMPILER_APPICON_NAME = AppIcon;
				CODE_SIGN_STYLE = Automatic;
				DEVELOPMENT_TEAM = 99PBDFLT63;
				INFOPLIST_FILE = ChannelizeUI/Info.plist;
				LD_RUNPATH_SEARCH_PATHS = (
					"$(inherited)",
					"@executable_path/Frameworks",
				);
				PRODUCT_BUNDLE_IDENTIFIER = com.channelize.ChannelizeUI;
				PRODUCT_NAME = "$(TARGET_NAME)";
				SWIFT_VERSION = 5.0;
				TARGETED_DEVICE_FAMILY = "1,2";
			};
			name = Release;
		};
/* End XCBuildConfiguration section */

/* Begin XCConfigurationList section */
		18B07DE32449DCDD003D1610 /* Build configuration list for PBXProject "ChannelizeUI" */ = {
			isa = XCConfigurationList;
			buildConfigurations = (
				18B07DFA2449DCDF003D1610 /* Debug */,
				18B07DFB2449DCDF003D1610 /* Release */,
			);
			defaultConfigurationIsVisible = 0;
			defaultConfigurationName = Release;
		};
		18B07DFC2449DCDF003D1610 /* Build configuration list for PBXNativeTarget "ChannelizeUI" */ = {
			isa = XCConfigurationList;
			buildConfigurations = (
				18B07DFD2449DCDF003D1610 /* Debug */,
				18B07DFE2449DCDF003D1610 /* Release */,
			);
			defaultConfigurationIsVisible = 0;
			defaultConfigurationName = Release;
		};
/* End XCConfigurationList section */
	};
	rootObject = 18B07DE02449DCDD003D1610 /* Project object */;
}
