PODS:
  - AgoraRtcEngine_iOS (2.9.0)
  - Alamofire (4.8.2)
  - AlamofireObjectMapper (5.2.0):
    - Alamofire (~> 4.7)
    - ObjectMapper (~> 3.4)
  - AWSAuthCore (2.9.3):
    - AWSCore (= 2.9.3)
  - AWSCognitoIdentityProvider (2.9.3):
    - AWSCognitoIdentityProviderASF (= 1.0.1)
    - AWSCore (= 2.9.3)
  - AWSCognitoIdentityProviderASF (1.0.1)
  - AWSCore (2.9.3)
  - AWSIoT (2.9.3):
    - AWSCore (= 2.9.3)
  - AWSMobileClient (2.9.3):
    - AWSAuthCore (= 2.9.3)
    - AWSCognitoIdentityProvider (= 2.9.3)
  - ChannelizeAPI (4.20.8):
    - Alamofire (= 4.8.2)
    - AlamofireObjectMapper (= 5.2.0)
    - AWSIoT (= 2.9.3)
    - AWSMobileClient (= 2.9.3)
  - ChannelizeCall (4.20.8):
    - AgoraRtcEngine_iOS (= 2.9.0)
    - ChannelizeAPI (>= 4.20.8)
    - SDWebImageFLPlugin
  - DifferenceKit (1.1.5):
    - DifferenceKit/Core (= 1.1.5)
    - DifferenceKit/UIKitExtension (= 1.1.5)
  - DifferenceKit/Core (1.1.5)
  - DifferenceKit/UIKitExtension (1.1.5):
    - DifferenceKit/Core
  - FLAnimatedImage (1.0.12)
  - InputBarAccessoryView (4.2.2)
  - MaterialComponents/ActivityIndicator (109.5.0):
    - MaterialComponents/Palettes
    - MaterialComponents/private/Application
    - MDFInternationalization
    - MotionAnimator (~> 2.0)
  - MaterialComponents/Palettes (109.5.0)
  - MaterialComponents/private/Application (109.5.0)
  - MaterialComponents/private/Math (109.5.0)
  - MaterialComponents/ProgressView (109.5.0):
    - MaterialComponents/Palettes
    - MaterialComponents/private/Math
    - MDFInternationalization
  - MDFInternationalization (2.0.0)
  - MotionAnimator (2.8.1):
    - MotionInterchange (~> 1.6)
  - MotionInterchange (1.6.0)
  - ObjectMapper (3.5.3)
  - ReachabilitySwift (5.0.0)
  - SDWebImage/Core (5.8.0)
  - SDWebImageFLPlugin (0.4.0):
    - FLAnimatedImage (>= 1.0.11)
    - SDWebImage/Core (~> 5.6)

DEPENDENCIES:
  - ChannelizeAPI (>= 4.20.8)
  - ChannelizeCall (>= 4.20.8)
  - DifferenceKit
  - InputBarAccessoryView (= 4.2.2)
  - MaterialComponents/ActivityIndicator
  - MaterialComponents/ProgressView
  - ReachabilitySwift
  - SDWebImageFLPlugin

SPEC REPOS:
  trunk:
    - AgoraRtcEngine_iOS
    - Alamofire
    - AlamofireObjectMapper
    - AWSAuthCore
    - AWSCognitoIdentityProvider
    - AWSCognitoIdentityProviderASF
    - AWSCore
    - AWSIoT
    - AWSMobileClient
    - ChannelizeAPI
    - ChannelizeCall
    - DifferenceKit
    - FLAnimatedImage
    - InputBarAccessoryView
    - MaterialComponents
    - MDFInternationalization
    - MotionAnimator
    - MotionInterchange
    - ObjectMapper
    - ReachabilitySwift
    - SDWebImage
    - SDWebImageFLPlugin

SPEC CHECKSUMS:
  AgoraRtcEngine_iOS: b316f64bc07f7973f0239316b2b4f79ec369e25c
  Alamofire: ae5c501addb7afdbb13687d7f2f722c78734c2d3
  AlamofireObjectMapper: 92b6ce2423a9d159e686f6a1d514a009bf903ddc
  AWSAuthCore: 616e8c65607d7d4b29a1320e62fe2c6586f2f396
  AWSCognitoIdentityProvider: 827e8d7ec506dd09ed4f72afe7be587a6dd85af5
  AWSCognitoIdentityProviderASF: f94f1a502e72ef3d0a1de93e10bf7a79c8698118
  AWSCore: 5cbb6c6ccfad4b55e494c2e8df87781512f7881e
  AWSIoT: d7debf750a8f485a9e93177fda7a345a9121053b
  AWSMobileClient: 57b907ae11832376a2d7cf07eba5fbe2c6b8cfa4
  ChannelizeAPI: 6e75643846438e7a93a67cfa60f54a67efc78cff
  ChannelizeCall: 78d131a6e8830b1aecd36d13d354bc3e38777e74
  DifferenceKit: 516f12e336ed65a3a0665847b5c3cb5cad4bd4ea
  FLAnimatedImage: 4a0b56255d9b05f18b6dd7ee06871be5d3b89e31
  InputBarAccessoryView: 2b937602598e2fab3149f37f51dd7ad795653812
  MaterialComponents: 7698cdf7eacb5f192456dbbe597aa7a8857fa3ef
  MDFInternationalization: 010097556d6b09d2c4ea38e0820ea6d37be6a314
  MotionAnimator: ee16aa30567c5bae0fb2750c132915829cfaaf8a
  MotionInterchange: ead0e3ae1f3a5fb539e289debbc7ae036160a10d
  ObjectMapper: 97111c97e054a6ee25917662106689f0b4127b37
  ReachabilitySwift: 985039c6f7b23a1da463388634119492ff86c825
  SDWebImage: 84000f962cbfa70c07f19d2234cbfcf5d779b5dc
  SDWebImageFLPlugin: 6c2295fb1242d44467c6c87dc5db6b0a13228fd8

PODFILE CHECKSUM: 090f5601a76323b2dfd26c109e6360e811c63fb0

COCOAPODS: 1.9.1
